
Microsoft Visual Studio Solution File, Format Version 12.00
# Visual Studio Version 17
VisualStudioVersion = 17.5.33530.505
MinimumVisualStudioVersion = 10.0.40219.1
Project("{FAE04EC0-301F-11D3-BF4B-00C04F79EFBC}") = "BTVN2_POP3", "BTVN2_POP3.csproj", "{08F0192B-B395-4C70-A479-646FCA615CAD}"
EndProject
Global
	GlobalSection(SolutionConfigurationPlatforms) = preSolution
		Debug|Any CPU = Debug|Any CPU
		Release|Any CPU = Release|Any CPU
	EndGlobalSection
	GlobalSection(ProjectConfigurationPlatforms) = postSolution
		{08F0192B-B395-4C70-A479-646FCA615CAD}.Debug|Any CPU.ActiveCfg = Debug|Any CPU
		{08F0192B-B395-4C70-A479-646FCA615CAD}.Debug|Any CPU.Build.0 = Debug|Any CPU
		{08F0192B-B395-4C70-A479-646FCA615CAD}.Release|Any CPU.ActiveCfg = Release|Any CPU
		{08F0192B-B395-4C70-A479-646FCA615CAD}.Release|Any CPU.Build.0 = Release|Any CPU
	EndGlobalSection
	GlobalSection(SolutionProperties) = preSolution
		HideSolutionNode = FALSE
	EndGlobalSection
	GlobalSection(ExtensibilityGlobals) = postSolution
		SolutionGuid = {14EFE22F-EE99-4666-BCDF-81CB45A8417B}
	EndGlobalSection
EndGlobal
